
Microsoft Visual Studio Solution File, Format Version 12.00
# Visual Studio Version 17
VisualStudioVersion = 17.8.34330.188
MinimumVisualStudioVersion = 10.0.40219.1
Project("{FAE04EC0-301F-11D3-BF4B-00C04F79EFBC}") = "SystemForUP", "SystemForUP\SystemForUP.csproj", "{0CECCCE0-F1D9-4573-8F16-4A4F65550A8E}"
EndProject
Global
	GlobalSection(SolutionConfigurationPlatforms) = preSolution
		Debug|Any CPU = Debug|Any CPU
		Release|Any CPU = Release|Any CPU
	EndGlobalSection
	GlobalSection(ProjectConfigurationPlatforms) = postSolution
		{0CECCCE0-F1D9-4573-8F16-4A4F65550A8E}.Debug|Any CPU.ActiveCfg = Debug|Any CPU
		{0CECCCE0-F1D9-4573-8F16-4A4F65550A8E}.Debug|Any CPU.Build.0 = Debug|Any CPU
		{0CECCCE0-F1D9-4573-8F16-4A4F65550A8E}.Release|Any CPU.ActiveCfg = Release|Any CPU
		{0CECCCE0-F1D9-4573-8F16-4A4F65550A8E}.Release|Any CPU.Build.0 = Release|Any CPU
	EndGlobalSection
	GlobalSection(SolutionProperties) = preSolution
		HideSolutionNode = FALSE
	EndGlobalSection
	GlobalSection(ExtensibilityGlobals) = postSolution
		SolutionGuid = {016F4C2C-C4C6-4CDD-AC66-30C7A8B093DE}
	EndGlobalSection
EndGlobal
